
Microsoft Visual Studio Solution File, Format Version 12.00
# Visual Studio Version 16
VisualStudioVersion = 16.0.30523.141
MinimumVisualStudioVersion = 10.0.40219.1
Project("{9A19103F-16F7-4668-BE54-9A1E7A4F7556}") = "LinkedListDSProblem", "LinkedListDSProblem\LinkedListDSProblem.csproj", "{7E3A1BA5-AC3A-43B0-AB11-A42187782321}"
EndProject
Project("{9A19103F-16F7-4668-BE54-9A1E7A4F7556}") = "LinkedListTest", "LinkedListTest\LinkedListTest.csproj", "{67AF78B0-7D0E-4B09-90E4-8930A195F765}"
EndProject
Project("{FAE04EC0-301F-11D3-BF4B-00C04F79EFBC}") = "LinkedListProblemTest", "LinkedListProblemTest\LinkedListProblemTest.csproj", "{A76637F1-65AF-40D9-B384-DAF4EB7AC02B}"
EndProject
Global
	GlobalSection(SolutionConfigurationPlatforms) = preSolution
		Debug|Any CPU = Debug|Any CPU
		Release|Any CPU = Release|Any CPU
	EndGlobalSection
	GlobalSection(ProjectConfigurationPlatforms) = postSolution
		{7E3A1BA5-AC3A-43B0-AB11-A42187782321}.Debug|Any CPU.ActiveCfg = Debug|Any CPU
		{7E3A1BA5-AC3A-43B0-AB11-A42187782321}.Debug|Any CPU.Build.0 = Debug|Any CPU
		{7E3A1BA5-AC3A-43B0-AB11-A42187782321}.Release|Any CPU.ActiveCfg = Release|Any CPU
		{7E3A1BA5-AC3A-43B0-AB11-A42187782321}.Release|Any CPU.Build.0 = Release|Any CPU
		{67AF78B0-7D0E-4B09-90E4-8930A195F765}.Debug|Any CPU.ActiveCfg = Debug|Any CPU
		{67AF78B0-7D0E-4B09-90E4-8930A195F765}.Debug|Any CPU.Build.0 = Debug|Any CPU
		{67AF78B0-7D0E-4B09-90E4-8930A195F765}.Release|Any CPU.ActiveCfg = Release|Any CPU
		{67AF78B0-7D0E-4B09-90E4-8930A195F765}.Release|Any CPU.Build.0 = Release|Any CPU
		{A76637F1-65AF-40D9-B384-DAF4EB7AC02B}.Debug|Any CPU.ActiveCfg = Debug|Any CPU
		{A76637F1-65AF-40D9-B384-DAF4EB7AC02B}.Debug|Any CPU.Build.0 = Debug|Any CPU
		{A76637F1-65AF-40D9-B384-DAF4EB7AC02B}.Release|Any CPU.ActiveCfg = Release|Any CPU
		{A76637F1-65AF-40D9-B384-DAF4EB7AC02B}.Release|Any CPU.Build.0 = Release|Any CPU
	EndGlobalSection
	GlobalSection(SolutionProperties) = preSolution
		HideSolutionNode = FALSE
	EndGlobalSection
	GlobalSection(ExtensibilityGlobals) = postSolution
		SolutionGuid = {4F56DA28-8EB3-4F32-8E64-CDED224FE438}
	EndGlobalSection
EndGlobal
